{
  "nodes": {
    "futils": {
      "locked": {
        "lastModified": 1652557277,
        "narHash": "sha256-jSes9DaIVMdmwBB78KkFUVrlDzawmD62vrUg0GS2500=",
        "owner": "numtide",
        "repo": "flake-utils",
        "rev": "12806d31a381e7cd169a6bac35590e7b36dc5fe5",
        "type": "github"
      },
      "original": {
        "owner": "numtide",
        "repo": "flake-utils",
        "type": "github"
      }
    },
    "futils_2": {
      "locked": {
        "lastModified": 1649676176,
        "narHash": "sha256-OWKJratjt2RW151VUlJPRALb7OU2S5s+f0vLj4o1bHM=",
        "owner": "numtide",
        "repo": "flake-utils",
        "rev": "a4b154ebbdc88c8498a5c7b01589addc9e9cb678",
        "type": "github"
      },
      "original": {
        "owner": "numtide",
        "repo": "flake-utils",
        "type": "github"
      }
    },
    "nixpkgs": {
      "locked": {
        "lastModified": 1652530570,
        "narHash": "sha256-GWRrbUv9l1GSyBkj39s9AqNLX1l3rzVOwvnuG4WYM+E=",
        "owner": "NixOS",
        "repo": "nixpkgs",
        "rev": "4c560cc7ee57e1fb28e6fd7bdacdf01f948f8a91",
        "type": "github"
      },
      "original": {
        "owner": "NixOS",
        "ref": "nixos-21.11",
        "repo": "nixpkgs",
        "type": "github"
      }
    },
    "nixpkgs_2": {
      "locked": {
        "lastModified": 1650143261,
        "narHash": "sha256-KI3IDHAtXG/7Uu1gNuuy6ovKqP/d6OhV0HwCWIKx0Aw=",
        "owner": "NixOS",
        "repo": "nixpkgs",
        "rev": "0a862f558d4001c62f15f652b1b907002dc1e9b9",
        "type": "github"
      },
      "original": {
        "owner": "NixOS",
        "ref": "nixos-21.11",
        "repo": "nixpkgs",
        "type": "github"
      }
    },
    "root": {
      "inputs": {
        "futils": "futils",
        "nixpkgs": "nixpkgs",
        "stechec2": "stechec2"
      }
    },
    "stechec2": {
      "inputs": {
        "futils": "futils_2",
        "nixpkgs": "nixpkgs_2"
      },
      "locked": {
        "lastModified": 1652623312,
        "narHash": "sha256-etKq1oMtqXaJhyF2EwJbY8g103DZwtLsxlPPkahVGP8=",
        "owner": "prologin",
        "repo": "stechec2",
        "rev": "798c774119cfee661a66f469b0699f0f9ee2102d",
        "type": "github"
      },
      "original": {
        "owner": "prologin",
        "ref": "nix-stechec",
        "repo": "stechec2",
        "type": "github"
      }
    }
  },
  "root": "root",
  "version": 7
}
